// !$*UTF8*$!
{
	archiveVersion = 1;
	classes = {
	};
	objectVersion = 56;
	objects = {

/* Begin PBXBuildFile section */
		5D0885302A386D1D000CEFE1 /* AppDelegate.swift in Sources */ = {isa = PBXBuildFile; fileRef = 5D08852F2A386D1D000CEFE1 /* AppDelegate.swift */; };
		5D0885322A386D1D000CEFE1 /* SceneDelegate.swift in Sources */ = {isa = PBXBuildFile; fileRef = 5D0885312A386D1D000CEFE1 /* SceneDelegate.swift */; };
		5D0885342A386D1D000CEFE1 /* ViewController.swift in Sources */ = {isa = PBXBuildFile; fileRef = 5D0885332A386D1D000CEFE1 /* ViewController.swift */; };
		5D0885372A386D1D000CEFE1 /* Main.storyboard in Resources */ = {isa = PBXBuildFile; fileRef = 5D0885352A386D1D000CEFE1 /* Main.storyboard */; };
		5D0885392A386D1E000CEFE1 /* Assets.xcassets in Resources */ = {isa = PBXBuildFile; fileRef = 5D0885382A386D1E000CEFE1 /* Assets.xcassets */; };
		5D08853C2A386D1E000CEFE1 /* LaunchScreen.storyboard in Resources */ = {isa = PBXBuildFile; fileRef = 5D08853A2A386D1E000CEFE1 /* LaunchScreen.storyboard */; };
		5D0885492A386D82000CEFE1 /* DataStore.swift in Sources */ = {isa = PBXBuildFile; fileRef = 5D0885482A386D82000CEFE1 /* DataStore.swift */; };
		5D08854C2A386D8B000CEFE1 /* Animation.swift in Sources */ = {isa = PBXBuildFile; fileRef = 5D08854B2A386D8B000CEFE1 /* Animation.swift */; };
		5D08854F2A386FC8000CEFE1 /* SpringAnimation in Frameworks */ = {isa = PBXBuildFile; productRef = 5D08854E2A386FC8000CEFE1 /* SpringAnimation */; };
/* End PBXBuildFile section */

/* Begin PBXFileReference section */
		5D08852C2A386D1D000CEFE1 /* AnimationApp.app */ = {isa = PBXFileReference; explicitFileType = wrapper.application; includeInIndex = 0; path = AnimationApp.app; sourceTree = BUILT_PRODUCTS_DIR; };
		5D08852F2A386D1D000CEFE1 /* AppDelegate.swift */ = {isa = PBXFileReference; lastKnownFileType = sourcecode.swift; path = AppDelegate.swift; sourceTree = "<group>"; };
		5D0885312A386D1D000CEFE1 /* SceneDelegate.swift */ = {isa = PBXFileReference; lastKnownFileType = sourcecode.swift; path = SceneDelegate.swift; sourceTree = "<group>"; };
		5D0885332A386D1D000CEFE1 /* ViewController.swift */ = {isa = PBXFileReference; lastKnownFileType = sourcecode.swift; path = ViewController.swift; sourceTree = "<group>"; };
		5D0885362A386D1D000CEFE1 /* Base */ = {isa = PBXFileReference; lastKnownFileType = file.storyboard; name = Base; path = Base.lproj/Main.storyboard; sourceTree = "<group>"; };
		5D0885382A386D1E000CEFE1 /* Assets.xcassets */ = {isa = PBXFileReference; lastKnownFileType = folder.assetcatalog; path = Assets.xcassets; sourceTree = "<group>"; };
		5D08853B2A386D1E000CEFE1 /* Base */ = {isa = PBXFileReference; lastKnownFileType = file.storyboard; name = Base; path = Base.lproj/LaunchScreen.storyboard; sourceTree = "<group>"; };
		5D08853D2A386D1E000CEFE1 /* Info.plist */ = {isa = PBXFileReference; lastKnownFileType = text.plist.xml; path = Info.plist; sourceTree = "<group>"; };
		5D0885482A386D82000CEFE1 /* DataStore.swift */ = {isa = PBXFileReference; fileEncoding = 4; lastKnownFileType = sourcecode.swift; path = DataStore.swift; sourceTree = "<group>"; };
		5D08854B2A386D8B000CEFE1 /* Animation.swift */ = {isa = PBXFileReference; fileEncoding = 4; lastKnownFileType = sourcecode.swift; path = Animation.swift; sourceTree = "<group>"; };
/* End PBXFileReference section */

/* Begin PBXFrameworksBuildPhase section */
		5D0885292A386D1D000CEFE1 /* Frameworks */ = {
			isa = PBXFrameworksBuildPhase;
			buildActionMask = 2147483647;
			files = (
				5D08854F2A386FC8000CEFE1 /* SpringAnimation in Frameworks */,
			);
			runOnlyForDeploymentPostprocessing = 0;
		};
/* End PBXFrameworksBuildPhase section */

/* Begin PBXGroup section */
		5D0885232A386D1D000CEFE1 = {
			isa = PBXGroup;
			children = (
				5D08852E2A386D1D000CEFE1 /* AnimationApp */,
				5D08852D2A386D1D000CEFE1 /* Products */,
			);
			sourceTree = "<group>";
		};
		5D08852D2A386D1D000CEFE1 /* Products */ = {
			isa = PBXGroup;
			children = (
				5D08852C2A386D1D000CEFE1 /* AnimationApp.app */,
			);
			name = Products;
			sourceTree = "<group>";
		};
		5D08852E2A386D1D000CEFE1 /* AnimationApp */ = {
			isa = PBXGroup;
			children = (
				5D08854A2A386D8B000CEFE1 /* Models */,
				5D0885472A386D6E000CEFE1 /* Services */,
				5D0885432A386D3E000CEFE1 /* App */,
				5D0885442A386D48000CEFE1 /* Viewcontrollers */,
				5D0885452A386D53000CEFE1 /* Storyboards */,
				5D0885462A386D5D000CEFE1 /* Resources */,
			);
			path = AnimationApp;
			sourceTree = "<group>";
		};
		5D0885432A386D3E000CEFE1 /* App */ = {
			isa = PBXGroup;
			children = (
				5D08852F2A386D1D000CEFE1 /* AppDelegate.swift */,
				5D0885312A386D1D000CEFE1 /* SceneDelegate.swift */,
				5D08853D2A386D1E000CEFE1 /* Info.plist */,
			);
			path = App;
			sourceTree = "<group>";
		};
		5D0885442A386D48000CEFE1 /* Viewcontrollers */ = {
			isa = PBXGroup;
			children = (
				5D0885332A386D1D000CEFE1 /* ViewController.swift */,
			);
			path = Viewcontrollers;
			sourceTree = "<group>";
		};
		5D0885452A386D53000CEFE1 /* Storyboards */ = {
			isa = PBXGroup;
			children = (
				5D0885352A386D1D000CEFE1 /* Main.storyboard */,
				5D08853A2A386D1E000CEFE1 /* LaunchScreen.storyboard */,
			);
			path = Storyboards;
			sourceTree = "<group>";
		};
		5D0885462A386D5D000CEFE1 /* Resources */ = {
			isa = PBXGroup;
			children = (
				5D0885382A386D1E000CEFE1 /* Assets.xcassets */,
			);
			path = Resources;
			sourceTree = "<group>";
		};
		5D0885472A386D6E000CEFE1 /* Services */ = {
			isa = PBXGroup;
			children = (
				5D0885482A386D82000CEFE1 /* DataStore.swift */,
			);
			path = Services;
			sourceTree = "<group>";
		};
		5D08854A2A386D8B000CEFE1 /* Models */ = {
			isa = PBXGroup;
			children = (
				5D08854B2A386D8B000CEFE1 /* Animation.swift */,
			);
			path = Models;
			sourceTree = "<group>";
		};
/* End PBXGroup section */

/* Begin PBXNativeTarget section */
		5D08852B2A386D1D000CEFE1 /* AnimationApp */ = {
			isa = PBXNativeTarget;
			buildConfigurationList = 5D0885402A386D1E000CEFE1 /* Build configuration list for PBXNativeTarget "AnimationApp" */;
			buildPhases = (
				5D0885282A386D1D000CEFE1 /* Sources */,
				5D0885292A386D1D000CEFE1 /* Frameworks */,
				5D08852A2A386D1D000CEFE1 /* Resources */,
			);
			buildRules = (
			);
			dependencies = (
			);
			name = AnimationApp;
			packageProductDependencies = (
				5D08854E2A386FC8000CEFE1 /* SpringAnimation */,
			);
			productName = AnimationApp;
			productReference = 5D08852C2A386D1D000CEFE1 /* AnimationApp.app */;
			productType = "com.apple.product-type.application";
		};
/* End PBXNativeTarget section */

/* Begin PBXProject section */
		5D0885242A386D1D000CEFE1 /* Project object */ = {
			isa = PBXProject;
			attributes = {
				BuildIndependentTargetsInParallel = 1;
				LastSwiftUpdateCheck = 1430;
				LastUpgradeCheck = 1430;
				TargetAttributes = {
					5D08852B2A386D1D000CEFE1 = {
						CreatedOnToolsVersion = 14.3.1;
					};
				};
			};
			buildConfigurationList = 5D0885272A386D1D000CEFE1 /* Build configuration list for PBXProject "AnimationApp" */;
			compatibilityVersion = "Xcode 14.0";
			developmentRegion = en;
			hasScannedForEncodings = 0;
			knownRegions = (
				en,
				Base,
			);
			mainGroup = 5D0885232A386D1D000CEFE1;
			packageReferences = (
				5D08854D2A386FC7000CEFE1 /* XCRemoteSwiftPackageReference "SpringAnimation" */,
			);
			productRefGroup = 5D08852D2A386D1D000CEFE1 /* Products */;
			projectDirPath = "";
			projectRoot = "";
			targets = (
				5D08852B2A386D1D000CEFE1 /* AnimationApp */,
			);
		};
/* End PBXProject section */

/* Begin PBXResourcesBuildPhase section */
		5D08852A2A386D1D000CEFE1 /* Resources */ = {
			isa = PBXResourcesBuildPhase;
			buildActionMask = 2147483647;
			files = (
				5D08853C2A386D1E000CEFE1 /* LaunchScreen.storyboard in Resources */,
				5D0885392A386D1E000CEFE1 /* Assets.xcassets in Resources */,
				5D0885372A386D1D000CEFE1 /* Main.storyboard in Resources */,
			);
			runOnlyForDeploymentPostprocessing = 0;
		};
/* End PBXResourcesBuildPhase section */

/* Begin PBXSourcesBuildPhase section */
		5D0885282A386D1D000CEFE1 /* Sources */ = {
			isa = PBXSourcesBuildPhase;
			buildActionMask = 2147483647;
			files = (
				5D0885342A386D1D000CEFE1 /* ViewController.swift in Sources */,
				5D0885492A386D82000CEFE1 /* DataStore.swift in Sources */,
				5D0885302A386D1D000CEFE1 /* AppDelegate.swift in Sources */,
				5D08854C2A386D8B000CEFE1 /* Animation.swift in Sources */,
				5D0885322A386D1D000CEFE1 /* SceneDelegate.swift in Sources */,
			);
			runOnlyForDeploymentPostprocessing = 0;
		};
/* End PBXSourcesBuildPhase section */

/* Begin PBXVariantGroup section */
		5D0885352A386D1D000CEFE1 /* Main.storyboard */ = {
			isa = PBXVariantGroup;
			children = (
				5D0885362A386D1D000CEFE1 /* Base */,
			);
			name = Main.storyboard;
			sourceTree = "<group>";
		};
		5D08853A2A386D1E000CEFE1 /* LaunchScreen.storyboard */ = {
			isa = PBXVariantGroup;
			children = (
				5D08853B2A386D1E000CEFE1 /* Base */,
			);
			name = LaunchScreen.storyboard;
			sourceTree = "<group>";
		};
/* End PBXVariantGroup section */

/* Begin XCBuildConfiguration section */
		5D08853E2A386D1E000CEFE1 /* Debug */ = {
			isa = XCBuildConfiguration;
			buildSettings = {
				ALWAYS_SEARCH_USER_PATHS = NO;
				CLANG_ANALYZER_NONNULL = YES;
				CLANG_ANALYZER_NUMBER_OBJECT_CONVERSION = YES_AGGRESSIVE;
				CLANG_CXX_LANGUAGE_STANDARD = "gnu++20";
				CLANG_ENABLE_MODULES = YES;
				CLANG_ENABLE_OBJC_ARC = YES;
				CLANG_ENABLE_OBJC_WEAK = YES;
				CLANG_WARN_BLOCK_CAPTURE_AUTORELEASING = YES;
				CLANG_WARN_BOOL_CONVERSION = YES;
				CLANG_WARN_COMMA = YES;
				CLANG_WARN_CONSTANT_CONVERSION = YES;
				CLANG_WARN_DEPRECATED_OBJC_IMPLEMENTATIONS = YES;
				CLANG_WARN_DIRECT_OBJC_ISA_USAGE = YES_ERROR;
				CLANG_WARN_DOCUMENTATION_COMMENTS = YES;
				CLANG_WARN_EMPTY_BODY = YES;
				CLANG_WARN_ENUM_CONVERSION = YES;
				CLANG_WARN_INFINITE_RECURSION = YES;
				CLANG_WARN_INT_CONVERSION = YES;
				CLANG_WARN_NON_LITERAL_NULL_CONVERSION = YES;
				CLANG_WARN_OBJC_IMPLICIT_RETAIN_SELF = YES;
				CLANG_WARN_OBJC_LITERAL_CONVERSION = YES;
				CLANG_WARN_OBJC_ROOT_CLASS = YES_ERROR;
				CLANG_WARN_QUOTED_INCLUDE_IN_FRAMEWORK_HEADER = YES;
				CLANG_WARN_RANGE_LOOP_ANALYSIS = YES;
				CLANG_WARN_STRICT_PROTOTYPES = YES;
				CLANG_WARN_SUSPICIOUS_MOVE = YES;
				CLANG_WARN_UNGUARDED_AVAILABILITY = YES_AGGRESSIVE;
				CLANG_WARN_UNREACHABLE_CODE = YES;
				CLANG_WARN__DUPLICATE_METHOD_MATCH = YES;
				COPY_PHASE_STRIP = NO;
				DEBUG_INFORMATION_FORMAT = dwarf;
				ENABLE_STRICT_OBJC_MSGSEND = YES;
				ENABLE_TESTABILITY = YES;
				GCC_C_LANGUAGE_STANDARD = gnu11;
				GCC_DYNAMIC_NO_PIC = NO;
				GCC_NO_COMMON_BLOCKS = YES;
				GCC_OPTIMIZATION_LEVEL = 0;
				GCC_PREPROCESSOR_DEFINITIONS = (
					"DEBUG=1",
					"$(inherited)",
				);
				GCC_WARN_64_TO_32_BIT_CONVERSION = YES;
				GCC_WARN_ABOUT_RETURN_TYPE = YES_ERROR;
				GCC_WARN_UNDECLARED_SELECTOR = YES;
				GCC_WARN_UNINITIALIZED_AUTOS = YES_AGGRESSIVE;
				GCC_WARN_UNUSED_FUNCTION = YES;
				GCC_WARN_UNUSED_VARIABLE = YES;
				IPHONEOS_DEPLOYMENT_TARGET = 16.4;
				MTL_ENABLE_DEBUG_INFO = INCLUDE_SOURCE;
				MTL_FAST_MATH = YES;
				ONLY_ACTIVE_ARCH = YES;
				SDKROOT = iphoneos;
				SWIFT_ACTIVE_COMPILATION_CONDITIONS = DEBUG;
				SWIFT_OPTIMIZATION_LEVEL = "-Onone";
			};
			name = Debug;
		};
		5D08853F2A386D1E000CEFE1 /* Release */ = {
			isa = XCBuildConfiguration;
			buildSettings = {
				ALWAYS_SEARCH_USER_PATHS = NO;
				CLANG_ANALYZER_NONNULL = YES;
				CLANG_ANALYZER_NUMBER_OBJECT_CONVERSION = YES_AGGRESSIVE;
				CLANG_CXX_LANGUAGE_STANDARD = "gnu++20";
				CLANG_ENABLE_MODULES = YES;
				CLANG_ENABLE_OBJC_ARC = YES;
				CLANG_ENABLE_OBJC_WEAK = YES;
				CLANG_WARN_BLOCK_CAPTURE_AUTORELEASING = YES;
				CLANG_WARN_BOOL_CONVERSION = YES;
				CLANG_WARN_COMMA = YES;
				CLANG_WARN_CONSTANT_CONVERSION = YES;
				CLANG_WARN_DEPRECATED_OBJC_IMPLEMENTATIONS = YES;
				CLANG_WARN_DIRECT_OBJC_ISA_USAGE = YES_ERROR;
				CLANG_WARN_DOCUMENTATION_COMMENTS = YES;
				CLANG_WARN_EMPTY_BODY = YES;
				CLANG_WARN_ENUM_CONVERSION = YES;
				CLANG_WARN_INFINITE_RECURSION = YES;
				CLANG_WARN_INT_CONVERSION = YES;
				CLANG_WARN_NON_LITERAL_NULL_CONVERSION = YES;
				CLANG_WARN_OBJC_IMPLICIT_RETAIN_SELF = YES;
				CLANG_WARN_OBJC_LITERAL_CONVERSION = YES;
				CLANG_WARN_OBJC_ROOT_CLASS = YES_ERROR;
				CLANG_WARN_QUOTED_INCLUDE_IN_FRAMEWORK_HEADER = YES;
				CLANG_WARN_RANGE_LOOP_ANALYSIS = YES;
				CLANG_WARN_STRICT_PROTOTYPES = YES;
				CLANG_WARN_SUSPICIOUS_MOVE = YES;
				CLANG_WARN_UNGUARDED_AVAILABILITY = YES_AGGRESSIVE;
				CLANG_WARN_UNREACHABLE_CODE = YES;
				CLANG_WARN__DUPLICATE_METHOD_MATCH = YES;
				COPY_PHASE_STRIP = NO;
				DEBUG_INFORMATION_FORMAT = "dwarf-with-dsym";
				ENABLE_NS_ASSERTIONS = NO;
				ENABLE_STRICT_OBJC_MSGSEND = YES;
				GCC_C_LANGUAGE_STANDARD = gnu11;
				GCC_NO_COMMON_BLOCKS = YES;
				GCC_WARN_64_TO_32_BIT_CONVERSION = YES;
				GCC_WARN_ABOUT_RETURN_TYPE = YES_ERROR;
				GCC_WARN_UNDECLARED_SELECTOR = YES;
				GCC_WARN_UNINITIALIZED_AUTOS = YES_AGGRESSIVE;
				GCC_WARN_UNUSED_FUNCTION = YES;
				GCC_WARN_UNUSED_VARIABLE = YES;
				IPHONEOS_DEPLOYMENT_TARGET = 16.4;
				MTL_ENABLE_DEBUG_INFO = NO;
				MTL_FAST_MATH = YES;
				SDKROOT = iphoneos;
				SWIFT_COMPILATION_MODE = wholemodule;
				SWIFT_OPTIMIZATION_LEVEL = "-O";
				VALIDATE_PRODUCT = YES;
			};
			name = Release;
		};
		5D0885412A386D1E000CEFE1 /* Debug */ = {
			isa = XCBuildConfiguration;
			buildSettings = {
				ASSETCATALOG_COMPILER_APPICON_NAME = AppIcon;
				ASSETCATALOG_COMPILER_GLOBAL_ACCENT_COLOR_NAME = AccentColor;
				CODE_SIGN_STYLE = Automatic;
				CURRENT_PROJECT_VERSION = 1;
				DEVELOPMENT_TEAM = U54N9MV9TR;
				GENERATE_INFOPLIST_FILE = YES;
				INFOPLIST_FILE = AnimationApp/App/Info.plist;
				INFOPLIST_KEY_UIApplicationSupportsIndirectInputEvents = YES;
				INFOPLIST_KEY_UILaunchStoryboardName = LaunchScreen;
				INFOPLIST_KEY_UIMainStoryboardFile = Main;
				INFOPLIST_KEY_UISupportedInterfaceOrientations_iPad = "UIInterfaceOrientationPortrait UIInterfaceOrientationPortraitUpsideDown UIInterfaceOrientationLandscapeLeft UIInterfaceOrientationLandscapeRight";
				INFOPLIST_KEY_UISupportedInterfaceOrientations_iPhone = "UIInterfaceOrientationPortrait UIInterfaceOrientationLandscapeLeft UIInterfaceOrientationLandscapeRight";
				LD_RUNPATH_SEARCH_PATHS = (
					"$(inherited)",
					"@executable_path/Frameworks",
				);
				MARKETING_VERSION = 1.0;
				PRODUCT_BUNDLE_IDENTIFIER = "Egor-Kruglov.AnimationApp";
				PRODUCT_NAME = "$(TARGET_NAME)";
				SWIFT_EMIT_LOC_STRINGS = YES;
				SWIFT_VERSION = 5.0;
				TARGETED_DEVICE_FAMILY = "1,2";
			};
			name = Debug;
		};
		5D0885422A386D1E000CEFE1 /* Release */ = {
			isa = XCBuildConfiguration;
			buildSettings = {
				ASSETCATALOG_COMPILER_APPICON_NAME = AppIcon;
				ASSETCATALOG_COMPILER_GLOBAL_ACCENT_COLOR_NAME = AccentColor;
				CODE_SIGN_STYLE = Automatic;
				CURRENT_PROJECT_VERSION = 1;
				DEVELOPMENT_TEAM = U54N9MV9TR;
				GENERATE_INFOPLIST_FILE = YES;
				INFOPLIST_FILE = AnimationApp/App/Info.plist;
				INFOPLIST_KEY_UIApplicationSupportsIndirectInputEvents = YES;
				INFOPLIST_KEY_UILaunchStoryboardName = LaunchScreen;
				INFOPLIST_KEY_UIMainStoryboardFile = Main;
				INFOPLIST_KEY_UISupportedInterfaceOrientations_iPad = "UIInterfaceOrientationPortrait UIInterfaceOrientationPortraitUpsideDown UIInterfaceOrientationLandscapeLeft UIInterfaceOrientationLandscapeRight";
				INFOPLIST_KEY_UISupportedInterfaceOrientations_iPhone = "UIInterfaceOrientationPortrait UIInterfaceOrientationLandscapeLeft UIInterfaceOrientationLandscapeRight";
				LD_RUNPATH_SEARCH_PATHS = (
					"$(inherited)",
					"@executable_path/Frameworks",
				);
				MARKETING_VERSION = 1.0;
				PRODUCT_BUNDLE_IDENTIFIER = "Egor-Kruglov.AnimationApp";
				PRODUCT_NAME = "$(TARGET_NAME)";
				SWIFT_EMIT_LOC_STRINGS = YES;
				SWIFT_VERSION = 5.0;
				TARGETED_DEVICE_FAMILY = "1,2";
			};
			name = Release;
		};
/* End XCBuildConfiguration section */

/* Begin XCConfigurationList section */
		5D0885272A386D1D000CEFE1 /* Build configuration list for PBXProject "AnimationApp" */ = {
			isa = XCConfigurationList;
			buildConfigurations = (
				5D08853E2A386D1E000CEFE1 /* Debug */,
				5D08853F2A386D1E000CEFE1 /* Release */,
			);
			defaultConfigurationIsVisible = 0;
			defaultConfigurationName = Release;
		};
		5D0885402A386D1E000CEFE1 /* Build configuration list for PBXNativeTarget "AnimationApp" */ = {
			isa = XCConfigurationList;
			buildConfigurations = (
				5D0885412A386D1E000CEFE1 /* Debug */,
				5D0885422A386D1E000CEFE1 /* Release */,
			);
			defaultConfigurationIsVisible = 0;
			defaultConfigurationName = Release;
		};
/* End XCConfigurationList section */

/* Begin XCRemoteSwiftPackageReference section */
		5D08854D2A386FC7000CEFE1 /* XCRemoteSwiftPackageReference "SpringAnimation" */ = {
			isa = XCRemoteSwiftPackageReference;
			repositoryURL = "https://github.com/LexDeBash/SpringAnimation.git";
			requirement = {
				kind = upToNextMajorVersion;
				minimumVersion = 0.3.0;
			};
		};
/* End XCRemoteSwiftPackageReference section */

/* Begin XCSwiftPackageProductDependency section */
		5D08854E2A386FC8000CEFE1 /* SpringAnimation */ = {
			isa = XCSwiftPackageProductDependency;
			package = 5D08854D2A386FC7000CEFE1 /* XCRemoteSwiftPackageReference "SpringAnimation" */;
			productName = SpringAnimation;
		};
/* End XCSwiftPackageProductDependency section */
	};
	rootObject = 5D0885242A386D1D000CEFE1 /* Project object */;
}
